// !$*UTF8*$!
{
	archiveVersion = 1;
	classes = {
	};
	objectVersion = 51;
	objects = {

/* Begin PBXBuildFile section */
		0F5DD23D8AAFB694C27D999E /* Pods_ubike.framework in Frameworks */ = {isa = PBXBuildFile; fileRef = 6FDDD3D514E5DCD4D6F7AD59 /* Pods_ubike.framework */; };
		8B4AE830251988F30049E772 /* AppDelegate.swift in Sources */ = {isa = PBXBuildFile; fileRef = 8B4AE82F251988F30049E772 /* AppDelegate.swift */; };
		8B4AE832251988F30049E772 /* SceneDelegate.swift in Sources */ = {isa = PBXBuildFile; fileRef = 8B4AE831251988F30049E772 /* SceneDelegate.swift */; };
		8B4AE834251988F30049E772 /* TableViewController.swift in Sources */ = {isa = PBXBuildFile; fileRef = 8B4AE833251988F30049E772 /* TableViewController.swift */; };
		8B4AE836251988F30049E772 /* DetailViewController.swift in Sources */ = {isa = PBXBuildFile; fileRef = 8B4AE835251988F30049E772 /* DetailViewController.swift */; };
		8B4AE839251988F30049E772 /* Main.storyboard in Resources */ = {isa = PBXBuildFile; fileRef = 8B4AE837251988F30049E772 /* Main.storyboard */; };
		8B4AE83B251988F40049E772 /* Assets.xcassets in Resources */ = {isa = PBXBuildFile; fileRef = 8B4AE83A251988F40049E772 /* Assets.xcassets */; };
		8B4AE83E251988F40049E772 /* LaunchScreen.storyboard in Resources */ = {isa = PBXBuildFile; fileRef = 8B4AE83C251988F40049E772 /* LaunchScreen.storyboard */; };
		8B4AE84625198AC90049E772 /* MapViewController.swift in Sources */ = {isa = PBXBuildFile; fileRef = 8B4AE84525198AC90049E772 /* MapViewController.swift */; };
		8B4AE84A25198C6B0049E772 /* UBikeViewModel.swift in Sources */ = {isa = PBXBuildFile; fileRef = 8B4AE84925198C6B0049E772 /* UBikeViewModel.swift */; };
		8B4AE84C25198F1A0049E772 /* UBikeModel.swift in Sources */ = {isa = PBXBuildFile; fileRef = 8B4AE84B25198F1A0049E772 /* UBikeModel.swift */; };
		8B941AAA2529C9D50073E935 /* SpotTableViewCell.swift in Sources */ = {isa = PBXBuildFile; fileRef = 8B941AA92529C9D50073E935 /* SpotTableViewCell.swift */; };
		8B941AAD2529D4750073E935 /* Colors.swift in Sources */ = {isa = PBXBuildFile; fileRef = 8B941AAC2529D4750073E935 /* Colors.swift */; };
		8BD1E290251ED86E0040AC92 /* MainViewController.swift in Sources */ = {isa = PBXBuildFile; fileRef = 8BD1E28F251ED86E0040AC92 /* MainViewController.swift */; };
/* End PBXBuildFile section */

/* Begin PBXFileReference section */
		6FDDD3D514E5DCD4D6F7AD59 /* Pods_ubike.framework */ = {isa = PBXFileReference; explicitFileType = wrapper.framework; includeInIndex = 0; path = Pods_ubike.framework; sourceTree = BUILT_PRODUCTS_DIR; };
		8B4AE82C251988F30049E772 /* ubike.app */ = {isa = PBXFileReference; explicitFileType = wrapper.application; includeInIndex = 0; path = ubike.app; sourceTree = BUILT_PRODUCTS_DIR; };
		8B4AE82F251988F30049E772 /* AppDelegate.swift */ = {isa = PBXFileReference; lastKnownFileType = sourcecode.swift; path = AppDelegate.swift; sourceTree = "<group>"; };
		8B4AE831251988F30049E772 /* SceneDelegate.swift */ = {isa = PBXFileReference; lastKnownFileType = sourcecode.swift; path = SceneDelegate.swift; sourceTree = "<group>"; };
		8B4AE833251988F30049E772 /* TableViewController.swift */ = {isa = PBXFileReference; lastKnownFileType = sourcecode.swift; path = TableViewController.swift; sourceTree = "<group>"; };
		8B4AE835251988F30049E772 /* DetailViewController.swift */ = {isa = PBXFileReference; lastKnownFileType = sourcecode.swift; path = DetailViewController.swift; sourceTree = "<group>"; };
		8B4AE838251988F30049E772 /* Base */ = {isa = PBXFileReference; lastKnownFileType = file.storyboard; name = Base; path = Base.lproj/Main.storyboard; sourceTree = "<group>"; };
		8B4AE83A251988F40049E772 /* Assets.xcassets */ = {isa = PBXFileReference; lastKnownFileType = folder.assetcatalog; path = Assets.xcassets; sourceTree = "<group>"; };
		8B4AE83D251988F40049E772 /* Base */ = {isa = PBXFileReference; lastKnownFileType = file.storyboard; name = Base; path = Base.lproj/LaunchScreen.storyboard; sourceTree = "<group>"; };
		8B4AE83F251988F40049E772 /* Info.plist */ = {isa = PBXFileReference; lastKnownFileType = text.plist.xml; path = Info.plist; sourceTree = "<group>"; };
		8B4AE84525198AC90049E772 /* MapViewController.swift */ = {isa = PBXFileReference; lastKnownFileType = sourcecode.swift; path = MapViewController.swift; sourceTree = "<group>"; };
		8B4AE84925198C6B0049E772 /* UBikeViewModel.swift */ = {isa = PBXFileReference; lastKnownFileType = sourcecode.swift; path = UBikeViewModel.swift; sourceTree = "<group>"; };
		8B4AE84B25198F1A0049E772 /* UBikeModel.swift */ = {isa = PBXFileReference; lastKnownFileType = sourcecode.swift; path = UBikeModel.swift; sourceTree = "<group>"; };
		8B941AA92529C9D50073E935 /* SpotTableViewCell.swift */ = {isa = PBXFileReference; lastKnownFileType = sourcecode.swift; path = SpotTableViewCell.swift; sourceTree = "<group>"; };
		8B941AAC2529D4750073E935 /* Colors.swift */ = {isa = PBXFileReference; lastKnownFileType = sourcecode.swift; path = Colors.swift; sourceTree = "<group>"; };
		8BD1E28F251ED86E0040AC92 /* MainViewController.swift */ = {isa = PBXFileReference; lastKnownFileType = sourcecode.swift; path = MainViewController.swift; sourceTree = "<group>"; };
		A89A77610E0F9D14F54839EE /* Pods-ubike.debug.xcconfig */ = {isa = PBXFileReference; includeInIndex = 1; lastKnownFileType = text.xcconfig; name = "Pods-ubike.debug.xcconfig"; path = "Target Support Files/Pods-ubike/Pods-ubike.debug.xcconfig"; sourceTree = "<group>"; };
		B22387DB3BADF996A3C2BCAE /* Pods-ubike.release.xcconfig */ = {isa = PBXFileReference; includeInIndex = 1; lastKnownFileType = text.xcconfig; name = "Pods-ubike.release.xcconfig"; path = "Target Support Files/Pods-ubike/Pods-ubike.release.xcconfig"; sourceTree = "<group>"; };
/* End PBXFileReference section */

/* Begin PBXFrameworksBuildPhase section */
		8B4AE829251988F30049E772 /* Frameworks */ = {
			isa = PBXFrameworksBuildPhase;
			buildActionMask = 2147483647;
			files = (
				0F5DD23D8AAFB694C27D999E /* Pods_ubike.framework in Frameworks */,
			);
			runOnlyForDeploymentPostprocessing = 0;
		};
/* End PBXFrameworksBuildPhase section */

/* Begin PBXGroup section */
		8B4AE823251988F30049E772 = {
			isa = PBXGroup;
			children = (
				8B4AE82E251988F30049E772 /* ubike */,
				8B4AE82D251988F30049E772 /* Products */,
				F77EA5810FC0B5297824790B /* Pods */,
				95617D7977A57A058EFB9115 /* Frameworks */,
			);
			sourceTree = "<group>";
		};
		8B4AE82D251988F30049E772 /* Products */ = {
			isa = PBXGroup;
			children = (
				8B4AE82C251988F30049E772 /* ubike.app */,
			);
			name = Products;
			sourceTree = "<group>";
		};
		8B4AE82E251988F30049E772 /* ubike */ = {
			isa = PBXGroup;
			children = (
				8B4AE82F251988F30049E772 /* AppDelegate.swift */,
				8B4AE831251988F30049E772 /* SceneDelegate.swift */,
				8BD1E28F251ED86E0040AC92 /* MainViewController.swift */,
				8B4AE84525198AC90049E772 /* MapViewController.swift */,
				8B4AE833251988F30049E772 /* TableViewController.swift */,
				8B4AE835251988F30049E772 /* DetailViewController.swift */,
				8B941AAB2529D4620073E935 /* Common */,
				8B941AA82529C9C10073E935 /* Views */,
				8B4AE84725198BAA0049E772 /* ViewModel */,
				8B4AE84825198BC80049E772 /* DataModel */,
				8B4AE837251988F30049E772 /* Main.storyboard */,
				8B4AE83A251988F40049E772 /* Assets.xcassets */,
				8B4AE83C251988F40049E772 /* LaunchScreen.storyboard */,
				8B4AE83F251988F40049E772 /* Info.plist */,
			);
			path = ubike;
			sourceTree = "<group>";
		};
		8B4AE84725198BAA0049E772 /* ViewModel */ = {
			isa = PBXGroup;
			children = (
				8B4AE84925198C6B0049E772 /* UBikeViewModel.swift */,
			);
			path = ViewModel;
			sourceTree = "<group>";
		};
		8B4AE84825198BC80049E772 /* DataModel */ = {
			isa = PBXGroup;
			children = (
				8B4AE84B25198F1A0049E772 /* UBikeModel.swift */,
			);
			path = DataModel;
			sourceTree = "<group>";
		};
		8B941AA82529C9C10073E935 /* Views */ = {
			isa = PBXGroup;
			children = (
				8B941AA92529C9D50073E935 /* SpotTableViewCell.swift */,
			);
			path = Views;
			sourceTree = "<group>";
		};
		8B941AAB2529D4620073E935 /* Common */ = {
			isa = PBXGroup;
			children = (
				8B941AAC2529D4750073E935 /* Colors.swift */,
			);
			path = Common;
			sourceTree = "<group>";
		};
		95617D7977A57A058EFB9115 /* Frameworks */ = {
			isa = PBXGroup;
			children = (
				6FDDD3D514E5DCD4D6F7AD59 /* Pods_ubike.framework */,
			);
			name = Frameworks;
			sourceTree = "<group>";
		};
		F77EA5810FC0B5297824790B /* Pods */ = {
			isa = PBXGroup;
			children = (
				A89A77610E0F9D14F54839EE /* Pods-ubike.debug.xcconfig */,
				B22387DB3BADF996A3C2BCAE /* Pods-ubike.release.xcconfig */,
			);
			path = Pods;
			sourceTree = "<group>";
		};
/* End PBXGroup section */

/* Begin PBXNativeTarget section */
		8B4AE82B251988F30049E772 /* ubike */ = {
			isa = PBXNativeTarget;
			buildConfigurationList = 8B4AE842251988F40049E772 /* Build configuration list for PBXNativeTarget "ubike" */;
			buildPhases = (
				EC6379A0F4C81DCEFB1A7A01 /* [CP] Check Pods Manifest.lock */,
				8B4AE828251988F30049E772 /* Sources */,
				8B4AE829251988F30049E772 /* Frameworks */,
				8B4AE82A251988F30049E772 /* Resources */,
				4DE8CC5A008B7D11D8AC41E2 /* [CP] Embed Pods Frameworks */,
			);
			buildRules = (
			);
			dependencies = (
			);
			name = ubike;
			productName = ubike;
			productReference = 8B4AE82C251988F30049E772 /* ubike.app */;
			productType = "com.apple.product-type.application";
		};
/* End PBXNativeTarget section */

/* Begin PBXProject section */
		8B4AE824251988F30049E772 /* Project object */ = {
			isa = PBXProject;
			attributes = {
				LastSwiftUpdateCheck = 1160;
				LastUpgradeCheck = 1160;
				ORGANIZATIONNAME = cabbage;
				TargetAttributes = {
					8B4AE82B251988F30049E772 = {
						CreatedOnToolsVersion = 11.6;
					};
				};
			};
			buildConfigurationList = 8B4AE827251988F30049E772 /* Build configuration list for PBXProject "ubike" */;
			compatibilityVersion = "Xcode 9.3";
			developmentRegion = en;
			hasScannedForEncodings = 0;
			knownRegions = (
				en,
				Base,
			);
			mainGroup = 8B4AE823251988F30049E772;
			productRefGroup = 8B4AE82D251988F30049E772 /* Products */;
			projectDirPath = "";
			projectRoot = "";
			targets = (
				8B4AE82B251988F30049E772 /* ubike */,
			);
		};
/* End PBXProject section */

/* Begin PBXResourcesBuildPhase section */
		8B4AE82A251988F30049E772 /* Resources */ = {
			isa = PBXResourcesBuildPhase;
			buildActionMask = 2147483647;
			files = (
				8B4AE83E251988F40049E772 /* LaunchScreen.storyboard in Resources */,
				8B4AE83B251988F40049E772 /* Assets.xcassets in Resources */,
				8B4AE839251988F30049E772 /* Main.storyboard in Resources */,
			);
			runOnlyForDeploymentPostprocessing = 0;
		};
/* End PBXResourcesBuildPhase section */

/* Begin PBXShellScriptBuildPhase section */
		4DE8CC5A008B7D11D8AC41E2 /* [CP] Embed Pods Frameworks */ = {
			isa = PBXShellScriptBuildPhase;
			buildActionMask = 2147483647;
			files = (
			);
			inputFileListPaths = (
				"${PODS_ROOT}/Target Support Files/Pods-ubike/Pods-ubike-frameworks-${CONFIGURATION}-input-files.xcfilelist",
			);
			name = "[CP] Embed Pods Frameworks";
			outputFileListPaths = (
				"${PODS_ROOT}/Target Support Files/Pods-ubike/Pods-ubike-frameworks-${CONFIGURATION}-output-files.xcfilelist",
			);
			runOnlyForDeploymentPostprocessing = 0;
			shellPath = /bin/sh;
			shellScript = "\"${PODS_ROOT}/Target Support Files/Pods-ubike/Pods-ubike-frameworks.sh\"\n";
			showEnvVarsInLog = 0;
		};
		EC6379A0F4C81DCEFB1A7A01 /* [CP] Check Pods Manifest.lock */ = {
			isa = PBXShellScriptBuildPhase;
			buildActionMask = 2147483647;
			files = (
			);
			inputFileListPaths = (
			);
			inputPaths = (
				"${PODS_PODFILE_DIR_PATH}/Podfile.lock",
				"${PODS_ROOT}/Manifest.lock",
			);
			name = "[CP] Check Pods Manifest.lock";
			outputFileListPaths = (
			);
			outputPaths = (
				"$(DERIVED_FILE_DIR)/Pods-ubike-checkManifestLockResult.txt",
			);
			runOnlyForDeploymentPostprocessing = 0;
			shellPath = /bin/sh;
			shellScript = "diff \"${PODS_PODFILE_DIR_PATH}/Podfile.lock\" \"${PODS_ROOT}/Manifest.lock\" > /dev/null\nif [ $? != 0 ] ; then\n    # print error to STDERR\n    echo \"error: The sandbox is not in sync with the Podfile.lock. Run 'pod install' or update your CocoaPods installation.\" >&2\n    exit 1\nfi\n# This output is used by Xcode 'outputs' to avoid re-running this script phase.\necho \"SUCCESS\" > \"${SCRIPT_OUTPUT_FILE_0}\"\n";
			showEnvVarsInLog = 0;
		};
/* End PBXShellScriptBuildPhase section */

/* Begin PBXSourcesBuildPhase section */
		8B4AE828251988F30049E772 /* Sources */ = {
			isa = PBXSourcesBuildPhase;
			buildActionMask = 2147483647;
			files = (
				8B4AE830251988F30049E772 /* AppDelegate.swift in Sources */,
				8B941AAD2529D4750073E935 /* Colors.swift in Sources */,
				8B4AE832251988F30049E772 /* SceneDelegate.swift in Sources */,
				8B4AE834251988F30049E772 /* TableViewController.swift in Sources */,
				8B941AAA2529C9D50073E935 /* SpotTableViewCell.swift in Sources */,
				8B4AE84C25198F1A0049E772 /* UBikeModel.swift in Sources */,
				8B4AE84A25198C6B0049E772 /* UBikeViewModel.swift in Sources */,
				8B4AE84625198AC90049E772 /* MapViewController.swift in Sources */,
				8B4AE836251988F30049E772 /* DetailViewController.swift in Sources */,
				8BD1E290251ED86E0040AC92 /* MainViewController.swift in Sources */,
			);
			runOnlyForDeploymentPostprocessing = 0;
		};
/* End PBXSourcesBuildPhase section */

/* Begin PBXVariantGroup section */
		8B4AE837251988F30049E772 /* Main.storyboard */ = {
			isa = PBXVariantGroup;
			children = (
				8B4AE838251988F30049E772 /* Base */,
			);
			name = Main.storyboard;
			sourceTree = "<group>";
		};
		8B4AE83C251988F40049E772 /* LaunchScreen.storyboard */ = {
			isa = PBXVariantGroup;
			children = (
				8B4AE83D251988F40049E772 /* Base */,
			);
			name = LaunchScreen.storyboard;
			sourceTree = "<group>";
		};
/* End PBXVariantGroup section */

/* Begin XCBuildConfiguration section */
		8B4AE840251988F40049E772 /* Debug */ = {
			isa = XCBuildConfiguration;
			buildSettings = {
				ALWAYS_SEARCH_USER_PATHS = NO;
				CLANG_ANALYZER_NONNULL = YES;
				CLANG_ANALYZER_NUMBER_OBJECT_CONVERSION = YES_AGGRESSIVE;
				CLANG_CXX_LANGUAGE_STANDARD = "gnu++14";
				CLANG_CXX_LIBRARY = "libc++";
				CLANG_ENABLE_MODULES = YES;
				CLANG_ENABLE_OBJC_ARC = YES;
				CLANG_ENABLE_OBJC_WEAK = YES;
				CLANG_WARN_BLOCK_CAPTURE_AUTORELEASING = YES;
				CLANG_WARN_BOOL_CONVERSION = YES;
				CLANG_WARN_COMMA = YES;
				CLANG_WARN_CONSTANT_CONVERSION = YES;
				CLANG_WARN_DEPRECATED_OBJC_IMPLEMENTATIONS = YES;
				CLANG_WARN_DIRECT_OBJC_ISA_USAGE = YES_ERROR;
				CLANG_WARN_DOCUMENTATION_COMMENTS = YES;
				CLANG_WARN_EMPTY_BODY = YES;
				CLANG_WARN_ENUM_CONVERSION = YES;
				CLANG_WARN_INFINITE_RECURSION = YES;
				CLANG_WARN_INT_CONVERSION = YES;
				CLANG_WARN_NON_LITERAL_NULL_CONVERSION = YES;
				CLANG_WARN_OBJC_IMPLICIT_RETAIN_SELF = YES;
				CLANG_WARN_OBJC_LITERAL_CONVERSION = YES;
				CLANG_WARN_OBJC_ROOT_CLASS = YES_ERROR;
				CLANG_WARN_RANGE_LOOP_ANALYSIS = YES;
				CLANG_WARN_STRICT_PROTOTYPES = YES;
				CLANG_WARN_SUSPICIOUS_MOVE = YES;
				CLANG_WARN_UNGUARDED_AVAILABILITY = YES_AGGRESSIVE;
				CLANG_WARN_UNREACHABLE_CODE = YES;
				CLANG_WARN__DUPLICATE_METHOD_MATCH = YES;
				COPY_PHASE_STRIP = NO;
				DEBUG_INFORMATION_FORMAT = dwarf;
				ENABLE_STRICT_OBJC_MSGSEND = YES;
				ENABLE_TESTABILITY = YES;
				GCC_C_LANGUAGE_STANDARD = gnu11;
				GCC_DYNAMIC_NO_PIC = NO;
				GCC_NO_COMMON_BLOCKS = YES;
				GCC_OPTIMIZATION_LEVEL = 0;
				GCC_PREPROCESSOR_DEFINITIONS = (
					"DEBUG=1",
					"$(inherited)",
				);
				GCC_WARN_64_TO_32_BIT_CONVERSION = YES;
				GCC_WARN_ABOUT_RETURN_TYPE = YES_ERROR;
				GCC_WARN_UNDECLARED_SELECTOR = YES;
				GCC_WARN_UNINITIALIZED_AUTOS = YES_AGGRESSIVE;
				GCC_WARN_UNUSED_FUNCTION = YES;
				GCC_WARN_UNUSED_VARIABLE = YES;
				IPHONEOS_DEPLOYMENT_TARGET = 13.6;
				MTL_ENABLE_DEBUG_INFO = INCLUDE_SOURCE;
				MTL_FAST_MATH = YES;
				ONLY_ACTIVE_ARCH = YES;
				SDKROOT = iphoneos;
				SWIFT_ACTIVE_COMPILATION_CONDITIONS = DEBUG;
				SWIFT_OPTIMIZATION_LEVEL = "-Onone";
			};
			name = Debug;
		};
		8B4AE841251988F40049E772 /* Release */ = {
			isa = XCBuildConfiguration;
			buildSettings = {
				ALWAYS_SEARCH_USER_PATHS = NO;
				CLANG_ANALYZER_NONNULL = YES;
				CLANG_ANALYZER_NUMBER_OBJECT_CONVERSION = YES_AGGRESSIVE;
				CLANG_CXX_LANGUAGE_STANDARD = "gnu++14";
				CLANG_CXX_LIBRARY = "libc++";
				CLANG_ENABLE_MODULES = YES;
				CLANG_ENABLE_OBJC_ARC = YES;
				CLANG_ENABLE_OBJC_WEAK = YES;
				CLANG_WARN_BLOCK_CAPTURE_AUTORELEASING = YES;
				CLANG_WARN_BOOL_CONVERSION = YES;
				CLANG_WARN_COMMA = YES;
				CLANG_WARN_CONSTANT_CONVERSION = YES;
				CLANG_WARN_DEPRECATED_OBJC_IMPLEMENTATIONS = YES;
				CLANG_WARN_DIRECT_OBJC_ISA_USAGE = YES_ERROR;
				CLANG_WARN_DOCUMENTATION_COMMENTS = YES;
				CLANG_WARN_EMPTY_BODY = YES;
				CLANG_WARN_ENUM_CONVERSION = YES;
				CLANG_WARN_INFINITE_RECURSION = YES;
				CLANG_WARN_INT_CONVERSION = YES;
				CLANG_WARN_NON_LITERAL_NULL_CONVERSION = YES;
				CLANG_WARN_OBJC_IMPLICIT_RETAIN_SELF = YES;
				CLANG_WARN_OBJC_LITERAL_CONVERSION = YES;
				CLANG_WARN_OBJC_ROOT_CLASS = YES_ERROR;
				CLANG_WARN_RANGE_LOOP_ANALYSIS = YES;
				CLANG_WARN_STRICT_PROTOTYPES = YES;
				CLANG_WARN_SUSPICIOUS_MOVE = YES;
				CLANG_WARN_UNGUARDED_AVAILABILITY = YES_AGGRESSIVE;
				CLANG_WARN_UNREACHABLE_CODE = YES;
				CLANG_WARN__DUPLICATE_METHOD_MATCH = YES;
				COPY_PHASE_STRIP = NO;
				DEBUG_INFORMATION_FORMAT = "dwarf-with-dsym";
				ENABLE_NS_ASSERTIONS = NO;
				ENABLE_STRICT_OBJC_MSGSEND = YES;
				GCC_C_LANGUAGE_STANDARD = gnu11;
				GCC_NO_COMMON_BLOCKS = YES;
				GCC_WARN_64_TO_32_BIT_CONVERSION = YES;
				GCC_WARN_ABOUT_RETURN_TYPE = YES_ERROR;
				GCC_WARN_UNDECLARED_SELECTOR = YES;
				GCC_WARN_UNINITIALIZED_AUTOS = YES_AGGRESSIVE;
				GCC_WARN_UNUSED_FUNCTION = YES;
				GCC_WARN_UNUSED_VARIABLE = YES;
				IPHONEOS_DEPLOYMENT_TARGET = 13.6;
				MTL_ENABLE_DEBUG_INFO = NO;
				MTL_FAST_MATH = YES;
				SDKROOT = iphoneos;
				SWIFT_COMPILATION_MODE = wholemodule;
				SWIFT_OPTIMIZATION_LEVEL = "-O";
				VALIDATE_PRODUCT = YES;
			};
			name = Release;
		};
		8B4AE843251988F40049E772 /* Debug */ = {
			isa = XCBuildConfiguration;
			baseConfigurationReference = A89A77610E0F9D14F54839EE /* Pods-ubike.debug.xcconfig */;
			buildSettings = {
				ASSETCATALOG_COMPILER_APPICON_NAME = AppIcon;
				CODE_SIGN_STYLE = Automatic;
				DEVELOPMENT_TEAM = X4QFR5484L;
				INFOPLIST_FILE = ubike/Info.plist;
				LD_RUNPATH_SEARCH_PATHS = (
					"$(inherited)",
					"@executable_path/Frameworks",
				);
				PRODUCT_BUNDLE_IDENTIFIER = com.cabbage.ubike;
				PRODUCT_NAME = "$(TARGET_NAME)";
				SWIFT_VERSION = 5.0;
				TARGETED_DEVICE_FAMILY = "1,2";
			};
			name = Debug;
		};
		8B4AE844251988F40049E772 /* Release */ = {
			isa = XCBuildConfiguration;
			baseConfigurationReference = B22387DB3BADF996A3C2BCAE /* Pods-ubike.release.xcconfig */;
			buildSettings = {
				ASSETCATALOG_COMPILER_APPICON_NAME = AppIcon;
				CODE_SIGN_STYLE = Automatic;
				DEVELOPMENT_TEAM = X4QFR5484L;
				INFOPLIST_FILE = ubike/Info.plist;
				LD_RUNPATH_SEARCH_PATHS = (
					"$(inherited)",
					"@executable_path/Frameworks",
				);
				PRODUCT_BUNDLE_IDENTIFIER = com.cabbage.ubike;
				PRODUCT_NAME = "$(TARGET_NAME)";
				SWIFT_VERSION = 5.0;
				TARGETED_DEVICE_FAMILY = "1,2";
			};
			name = Release;
		};
/* End XCBuildConfiguration section */

/* Begin XCConfigurationList section */
		8B4AE827251988F30049E772 /* Build configuration list for PBXProject "ubike" */ = {
			isa = XCConfigurationList;
			buildConfigurations = (
				8B4AE840251988F40049E772 /* Debug */,
				8B4AE841251988F40049E772 /* Release */,
			);
			defaultConfigurationIsVisible = 0;
			defaultConfigurationName = Release;
		};
		8B4AE842251988F40049E772 /* Build configuration list for PBXNativeTarget "ubike" */ = {
			isa = XCConfigurationList;
			buildConfigurations = (
				8B4AE843251988F40049E772 /* Debug */,
				8B4AE844251988F40049E772 /* Release */,
			);
			defaultConfigurationIsVisible = 0;
			defaultConfigurationName = Release;
		};
/* End XCConfigurationList section */
	};
	rootObject = 8B4AE824251988F30049E772 /* Project object */;
}
